
Microsoft Visual Studio Solution File, Format Version 12.00
# Visual Studio Version 17
VisualStudioVersion = 17.2.32616.157
MinimumVisualStudioVersion = 10.0.40219.1
Project("{FAE04EC0-301F-11D3-BF4B-00C04F79EFBC}") = "Wiki Applcation", "Wiki Applcation\Wiki Applcation.csproj", "{9B956BBD-3D7D-49E2-9AAF-AADB4DB80F81}"
EndProject
Global
	GlobalSection(SolutionConfigurationPlatforms) = preSolution
		Debug|Any CPU = Debug|Any CPU
		Release|Any CPU = Release|Any CPU
	EndGlobalSection
	GlobalSection(ProjectConfigurationPlatforms) = postSolution
		{9B956BBD-3D7D-49E2-9AAF-AADB4DB80F81}.Debug|Any CPU.ActiveCfg = Debug|Any CPU
		{9B956BBD-3D7D-49E2-9AAF-AADB4DB80F81}.Debug|Any CPU.Build.0 = Debug|Any CPU
		{9B956BBD-3D7D-49E2-9AAF-AADB4DB80F81}.Release|Any CPU.ActiveCfg = Release|Any CPU
		{9B956BBD-3D7D-49E2-9AAF-AADB4DB80F81}.Release|Any CPU.Build.0 = Release|Any CPU
	EndGlobalSection
	GlobalSection(SolutionProperties) = preSolution
		HideSolutionNode = FALSE
	EndGlobalSection
	GlobalSection(ExtensibilityGlobals) = postSolution
		SolutionGuid = {A0840B48-9ADA-4328-A5C8-33ED14390BEA}
	EndGlobalSection
EndGlobal
